// !$*UTF8*$!
{
	archiveVersion = 1;
	classes = {
	};
	objectVersion = 50;
	objects = {

/* Begin PBXBuildFile section */
		F1554A2F248E8C780030365F /* About.swift in Sources */ = {isa = PBXBuildFile; fileRef = F1554A2E248E8C780030365F /* About.swift */; };
		F1B1BF2E248E6D9A0035E68E /* AppDelegate.swift in Sources */ = {isa = PBXBuildFile; fileRef = F1B1BF2D248E6D9A0035E68E /* AppDelegate.swift */; };
		F1B1BF30248E6D9A0035E68E /* SceneDelegate.swift in Sources */ = {isa = PBXBuildFile; fileRef = F1B1BF2F248E6D9A0035E68E /* SceneDelegate.swift */; };
		F1B1BF32248E6D9A0035E68E /* ContentView.swift in Sources */ = {isa = PBXBuildFile; fileRef = F1B1BF31248E6D9A0035E68E /* ContentView.swift */; };
		F1B1BF34248E6D9F0035E68E /* Assets.xcassets in Resources */ = {isa = PBXBuildFile; fileRef = F1B1BF33248E6D9F0035E68E /* Assets.xcassets */; };
		F1B1BF37248E6D9F0035E68E /* Preview Assets.xcassets in Resources */ = {isa = PBXBuildFile; fileRef = F1B1BF36248E6D9F0035E68E /* Preview Assets.xcassets */; };
		F1B1BF3A248E6D9F0035E68E /* LaunchScreen.storyboard in Resources */ = {isa = PBXBuildFile; fileRef = F1B1BF38248E6D9F0035E68E /* LaunchScreen.storyboard */; };
/* End PBXBuildFile section */

/* Begin PBXFileReference section */
		F1554A2E248E8C780030365F /* About.swift */ = {isa = PBXFileReference; lastKnownFileType = sourcecode.swift; path = About.swift; sourceTree = "<group>"; };
		F1B1BF2A248E6D9A0035E68E /* RevBullsEye.app */ = {isa = PBXFileReference; explicitFileType = wrapper.application; includeInIndex = 0; path = RevBullsEye.app; sourceTree = BUILT_PRODUCTS_DIR; };
		F1B1BF2D248E6D9A0035E68E /* AppDelegate.swift */ = {isa = PBXFileReference; lastKnownFileType = sourcecode.swift; path = AppDelegate.swift; sourceTree = "<group>"; };
		F1B1BF2F248E6D9A0035E68E /* SceneDelegate.swift */ = {isa = PBXFileReference; lastKnownFileType = sourcecode.swift; path = SceneDelegate.swift; sourceTree = "<group>"; };
		F1B1BF31248E6D9A0035E68E /* ContentView.swift */ = {isa = PBXFileReference; lastKnownFileType = sourcecode.swift; path = ContentView.swift; sourceTree = "<group>"; };
		F1B1BF33248E6D9F0035E68E /* Assets.xcassets */ = {isa = PBXFileReference; lastKnownFileType = folder.assetcatalog; path = Assets.xcassets; sourceTree = "<group>"; };
		F1B1BF36248E6D9F0035E68E /* Preview Assets.xcassets */ = {isa = PBXFileReference; lastKnownFileType = folder.assetcatalog; path = "Preview Assets.xcassets"; sourceTree = "<group>"; };
		F1B1BF39248E6D9F0035E68E /* Base */ = {isa = PBXFileReference; lastKnownFileType = file.storyboard; name = Base; path = Base.lproj/LaunchScreen.storyboard; sourceTree = "<group>"; };
		F1B1BF3B248E6D9F0035E68E /* Info.plist */ = {isa = PBXFileReference; lastKnownFileType = text.plist.xml; path = Info.plist; sourceTree = "<group>"; };
/* End PBXFileReference section */

/* Begin PBXFrameworksBuildPhase section */
		F1B1BF27248E6D9A0035E68E /* Frameworks */ = {
			isa = PBXFrameworksBuildPhase;
			buildActionMask = 2147483647;
			files = (
			);
			runOnlyForDeploymentPostprocessing = 0;
		};
/* End PBXFrameworksBuildPhase section */

/* Begin PBXGroup section */
		F1B1BF21248E6D9A0035E68E = {
			isa = PBXGroup;
			children = (
				F1B1BF2C248E6D9A0035E68E /* RevBullsEye */,
				F1B1BF2B248E6D9A0035E68E /* Products */,
			);
			sourceTree = "<group>";
		};
		F1B1BF2B248E6D9A0035E68E /* Products */ = {
			isa = PBXGroup;
			children = (
				F1B1BF2A248E6D9A0035E68E /* RevBullsEye.app */,
			);
			name = Products;
			sourceTree = "<group>";
		};
		F1B1BF2C248E6D9A0035E68E /* RevBullsEye */ = {
			isa = PBXGroup;
			children = (
				F1B1BF2D248E6D9A0035E68E /* AppDelegate.swift */,
				F1B1BF2F248E6D9A0035E68E /* SceneDelegate.swift */,
				F1B1BF31248E6D9A0035E68E /* ContentView.swift */,
				F1554A2E248E8C780030365F /* About.swift */,
				F1B1BF33248E6D9F0035E68E /* Assets.xcassets */,
				F1B1BF38248E6D9F0035E68E /* LaunchScreen.storyboard */,
				F1B1BF3B248E6D9F0035E68E /* Info.plist */,
				F1B1BF35248E6D9F0035E68E /* Preview Content */,
			);
			path = RevBullsEye;
			sourceTree = "<group>";
		};
		F1B1BF35248E6D9F0035E68E /* Preview Content */ = {
			isa = PBXGroup;
			children = (
				F1B1BF36248E6D9F0035E68E /* Preview Assets.xcassets */,
			);
			path = "Preview Content";
			sourceTree = "<group>";
		};
/* End PBXGroup section */

/* Begin PBXNativeTarget section */
		F1B1BF29248E6D9A0035E68E /* RevBullsEye */ = {
			isa = PBXNativeTarget;
			buildConfigurationList = F1B1BF3E248E6D9F0035E68E /* Build configuration list for PBXNativeTarget "RevBullsEye" */;
			buildPhases = (
				F1B1BF26248E6D9A0035E68E /* Sources */,
				F1B1BF27248E6D9A0035E68E /* Frameworks */,
				F1B1BF28248E6D9A0035E68E /* Resources */,
			);
			buildRules = (
			);
			dependencies = (
			);
			name = RevBullsEye;
			productName = RevBullsEye;
			productReference = F1B1BF2A248E6D9A0035E68E /* RevBullsEye.app */;
			productType = "com.apple.product-type.application";
		};
/* End PBXNativeTarget section */

/* Begin PBXProject section */
		F1B1BF22248E6D9A0035E68E /* Project object */ = {
			isa = PBXProject;
			attributes = {
				LastSwiftUpdateCheck = 1150;
				LastUpgradeCheck = 1150;
				ORGANIZATIONNAME = "алтынпончик";
				TargetAttributes = {
					F1B1BF29248E6D9A0035E68E = {
						CreatedOnToolsVersion = 11.5;
					};
				};
			};
			buildConfigurationList = F1B1BF25248E6D9A0035E68E /* Build configuration list for PBXProject "RevBullsEye" */;
			compatibilityVersion = "Xcode 9.3";
			developmentRegion = en;
			hasScannedForEncodings = 0;
			knownRegions = (
				en,
				Base,
			);
			mainGroup = F1B1BF21248E6D9A0035E68E;
			productRefGroup = F1B1BF2B248E6D9A0035E68E /* Products */;
			projectDirPath = "";
			projectRoot = "";
			targets = (
				F1B1BF29248E6D9A0035E68E /* RevBullsEye */,
			);
		};
/* End PBXProject section */

/* Begin PBXResourcesBuildPhase section */
		F1B1BF28248E6D9A0035E68E /* Resources */ = {
			isa = PBXResourcesBuildPhase;
			buildActionMask = 2147483647;
			files = (
				F1B1BF3A248E6D9F0035E68E /* LaunchScreen.storyboard in Resources */,
				F1B1BF37248E6D9F0035E68E /* Preview Assets.xcassets in Resources */,
				F1B1BF34248E6D9F0035E68E /* Assets.xcassets in Resources */,
			);
			runOnlyForDeploymentPostprocessing = 0;
		};
/* End PBXResourcesBuildPhase section */

/* Begin PBXSourcesBuildPhase section */
		F1B1BF26248E6D9A0035E68E /* Sources */ = {
			isa = PBXSourcesBuildPhase;
			buildActionMask = 2147483647;
			files = (
				F1B1BF2E248E6D9A0035E68E /* AppDelegate.swift in Sources */,
				F1554A2F248E8C780030365F /* About.swift in Sources */,
				F1B1BF30248E6D9A0035E68E /* SceneDelegate.swift in Sources */,
				F1B1BF32248E6D9A0035E68E /* ContentView.swift in Sources */,
			);
			runOnlyForDeploymentPostprocessing = 0;
		};
/* End PBXSourcesBuildPhase section */

/* Begin PBXVariantGroup section */
		F1B1BF38248E6D9F0035E68E /* LaunchScreen.storyboard */ = {
			isa = PBXVariantGroup;
			children = (
				F1B1BF39248E6D9F0035E68E /* Base */,
			);
			name = LaunchScreen.storyboard;
			sourceTree = "<group>";
		};
/* End PBXVariantGroup section */

/* Begin XCBuildConfiguration section */
		F1B1BF3C248E6D9F0035E68E /* Debug */ = {
			isa = XCBuildConfiguration;
			buildSettings = {
				ALWAYS_SEARCH_USER_PATHS = NO;
				CLANG_ANALYZER_NONNULL = YES;
				CLANG_ANALYZER_NUMBER_OBJECT_CONVERSION = YES_AGGRESSIVE;
				CLANG_CXX_LANGUAGE_STANDARD = "gnu++14";
				CLANG_CXX_LIBRARY = "libc++";
				CLANG_ENABLE_MODULES = YES;
				CLANG_ENABLE_OBJC_ARC = YES;
				CLANG_ENABLE_OBJC_WEAK = YES;
				CLANG_WARN_BLOCK_CAPTURE_AUTORELEASING = YES;
				CLANG_WARN_BOOL_CONVERSION = YES;
				CLANG_WARN_COMMA = YES;
				CLANG_WARN_CONSTANT_CONVERSION = YES;
				CLANG_WARN_DEPRECATED_OBJC_IMPLEMENTATIONS = YES;
				CLANG_WARN_DIRECT_OBJC_ISA_USAGE = YES_ERROR;
				CLANG_WARN_DOCUMENTATION_COMMENTS = YES;
				CLANG_WARN_EMPTY_BODY = YES;
				CLANG_WARN_ENUM_CONVERSION = YES;
				CLANG_WARN_INFINITE_RECURSION = YES;
				CLANG_WARN_INT_CONVERSION = YES;
				CLANG_WARN_NON_LITERAL_NULL_CONVERSION = YES;
				CLANG_WARN_OBJC_IMPLICIT_RETAIN_SELF = YES;
				CLANG_WARN_OBJC_LITERAL_CONVERSION = YES;
				CLANG_WARN_OBJC_ROOT_CLASS = YES_ERROR;
				CLANG_WARN_RANGE_LOOP_ANALYSIS = YES;
				CLANG_WARN_STRICT_PROTOTYPES = YES;
				CLANG_WARN_SUSPICIOUS_MOVE = YES;
				CLANG_WARN_UNGUARDED_AVAILABILITY = YES_AGGRESSIVE;
				CLANG_WARN_UNREACHABLE_CODE = YES;
				CLANG_WARN__DUPLICATE_METHOD_MATCH = YES;
				COPY_PHASE_STRIP = NO;
				DEBUG_INFORMATION_FORMAT = dwarf;
				ENABLE_STRICT_OBJC_MSGSEND = YES;
				ENABLE_TESTABILITY = YES;
				GCC_C_LANGUAGE_STANDARD = gnu11;
				GCC_DYNAMIC_NO_PIC = NO;
				GCC_NO_COMMON_BLOCKS = YES;
				GCC_OPTIMIZATION_LEVEL = 0;
				GCC_PREPROCESSOR_DEFINITIONS = (
					"DEBUG=1",
					"$(inherited)",
				);
				GCC_WARN_64_TO_32_BIT_CONVERSION = YES;
				GCC_WARN_ABOUT_RETURN_TYPE = YES_ERROR;
				GCC_WARN_UNDECLARED_SELECTOR = YES;
				GCC_WARN_UNINITIALIZED_AUTOS = YES_AGGRESSIVE;
				GCC_WARN_UNUSED_FUNCTION = YES;
				GCC_WARN_UNUSED_VARIABLE = YES;
				IPHONEOS_DEPLOYMENT_TARGET = 13.5;
				MTL_ENABLE_DEBUG_INFO = INCLUDE_SOURCE;
				MTL_FAST_MATH = YES;
				ONLY_ACTIVE_ARCH = YES;
				SDKROOT = iphoneos;
				SWIFT_ACTIVE_COMPILATION_CONDITIONS = DEBUG;
				SWIFT_OPTIMIZATION_LEVEL = "-Onone";
			};
			name = Debug;
		};
		F1B1BF3D248E6D9F0035E68E /* Release */ = {
			isa = XCBuildConfiguration;
			buildSettings = {
				ALWAYS_SEARCH_USER_PATHS = NO;
				CLANG_ANALYZER_NONNULL = YES;
				CLANG_ANALYZER_NUMBER_OBJECT_CONVERSION = YES_AGGRESSIVE;
				CLANG_CXX_LANGUAGE_STANDARD = "gnu++14";
				CLANG_CXX_LIBRARY = "libc++";
				CLANG_ENABLE_MODULES = YES;
				CLANG_ENABLE_OBJC_ARC = YES;
				CLANG_ENABLE_OBJC_WEAK = YES;
				CLANG_WARN_BLOCK_CAPTURE_AUTORELEASING = YES;
				CLANG_WARN_BOOL_CONVERSION = YES;
				CLANG_WARN_COMMA = YES;
				CLANG_WARN_CONSTANT_CONVERSION = YES;
				CLANG_WARN_DEPRECATED_OBJC_IMPLEMENTATIONS = YES;
				CLANG_WARN_DIRECT_OBJC_ISA_USAGE = YES_ERROR;
				CLANG_WARN_DOCUMENTATION_COMMENTS = YES;
				CLANG_WARN_EMPTY_BODY = YES;
				CLANG_WARN_ENUM_CONVERSION = YES;
				CLANG_WARN_INFINITE_RECURSION = YES;
				CLANG_WARN_INT_CONVERSION = YES;
				CLANG_WARN_NON_LITERAL_NULL_CONVERSION = YES;
				CLANG_WARN_OBJC_IMPLICIT_RETAIN_SELF = YES;
				CLANG_WARN_OBJC_LITERAL_CONVERSION = YES;
				CLANG_WARN_OBJC_ROOT_CLASS = YES_ERROR;
				CLANG_WARN_RANGE_LOOP_ANALYSIS = YES;
				CLANG_WARN_STRICT_PROTOTYPES = YES;
				CLANG_WARN_SUSPICIOUS_MOVE = YES;
				CLANG_WARN_UNGUARDED_AVAILABILITY = YES_AGGRESSIVE;
				CLANG_WARN_UNREACHABLE_CODE = YES;
				CLANG_WARN__DUPLICATE_METHOD_MATCH = YES;
				COPY_PHASE_STRIP = NO;
				DEBUG_INFORMATION_FORMAT = "dwarf-with-dsym";
				ENABLE_NS_ASSERTIONS = NO;
				ENABLE_STRICT_OBJC_MSGSEND = YES;
				GCC_C_LANGUAGE_STANDARD = gnu11;
				GCC_NO_COMMON_BLOCKS = YES;
				GCC_WARN_64_TO_32_BIT_CONVERSION = YES;
				GCC_WARN_ABOUT_RETURN_TYPE = YES_ERROR;
				GCC_WARN_UNDECLARED_SELECTOR = YES;
				GCC_WARN_UNINITIALIZED_AUTOS = YES_AGGRESSIVE;
				GCC_WARN_UNUSED_FUNCTION = YES;
				GCC_WARN_UNUSED_VARIABLE = YES;
				IPHONEOS_DEPLOYMENT_TARGET = 13.5;
				MTL_ENABLE_DEBUG_INFO = NO;
				MTL_FAST_MATH = YES;
				SDKROOT = iphoneos;
				SWIFT_COMPILATION_MODE = wholemodule;
				SWIFT_OPTIMIZATION_LEVEL = "-O";
				VALIDATE_PRODUCT = YES;
			};
			name = Release;
		};
		F1B1BF3F248E6D9F0035E68E /* Debug */ = {
			isa = XCBuildConfiguration;
			buildSettings = {
				ASSETCATALOG_COMPILER_APPICON_NAME = AppIcon;
				CODE_SIGN_STYLE = Automatic;
				DEVELOPMENT_ASSET_PATHS = "\"RevBullsEye/Preview Content\"";
				DEVELOPMENT_TEAM = 6JW3YQAPPF;
				ENABLE_PREVIEWS = YES;
				INFOPLIST_FILE = RevBullsEye/Info.plist;
				LD_RUNPATH_SEARCH_PATHS = (
					"$(inherited)",
					"@executable_path/Frameworks",
				);
				PRODUCT_BUNDLE_IDENTIFIER = com.myrzaboi.RevBullsEye;
				PRODUCT_NAME = "$(TARGET_NAME)";
				SWIFT_VERSION = 5.0;
				TARGETED_DEVICE_FAMILY = 1;
			};
			name = Debug;
		};
		F1B1BF40248E6D9F0035E68E /* Release */ = {
			isa = XCBuildConfiguration;
			buildSettings = {
				ASSETCATALOG_COMPILER_APPICON_NAME = AppIcon;
				CODE_SIGN_STYLE = Automatic;
				DEVELOPMENT_ASSET_PATHS = "\"RevBullsEye/Preview Content\"";
				DEVELOPMENT_TEAM = 6JW3YQAPPF;
				ENABLE_PREVIEWS = YES;
				INFOPLIST_FILE = RevBullsEye/Info.plist;
				LD_RUNPATH_SEARCH_PATHS = (
					"$(inherited)",
					"@executable_path/Frameworks",
				);
				PRODUCT_BUNDLE_IDENTIFIER = com.myrzaboi.RevBullsEye;
				PRODUCT_NAME = "$(TARGET_NAME)";
				SWIFT_VERSION = 5.0;
				TARGETED_DEVICE_FAMILY = 1;
			};
			name = Release;
		};
/* End XCBuildConfiguration section */

/* Begin XCConfigurationList section */
		F1B1BF25248E6D9A0035E68E /* Build configuration list for PBXProject "RevBullsEye" */ = {
			isa = XCConfigurationList;
			buildConfigurations = (
				F1B1BF3C248E6D9F0035E68E /* Debug */,
				F1B1BF3D248E6D9F0035E68E /* Release */,
			);
			defaultConfigurationIsVisible = 0;
			defaultConfigurationName = Release;
		};
		F1B1BF3E248E6D9F0035E68E /* Build configuration list for PBXNativeTarget "RevBullsEye" */ = {
			isa = XCConfigurationList;
			buildConfigurations = (
				F1B1BF3F248E6D9F0035E68E /* Debug */,
				F1B1BF40248E6D9F0035E68E /* Release */,
			);
			defaultConfigurationIsVisible = 0;
			defaultConfigurationName = Release;
		};
/* End XCConfigurationList section */
	};
	rootObject = F1B1BF22248E6D9A0035E68E /* Project object */;
}
