// !$*UTF8*$!
{
	archiveVersion = 1;
	classes = {
	};
	objectVersion = 50;
	objects = {

/* Begin PBXBuildFile section */
		F1326E5A2482659100D1B6F7 /* AppDelegate.swift in Sources */ = {isa = PBXBuildFile; fileRef = F1326E592482659100D1B6F7 /* AppDelegate.swift */; };
		F1326E5C2482659100D1B6F7 /* SceneDelegate.swift in Sources */ = {isa = PBXBuildFile; fileRef = F1326E5B2482659100D1B6F7 /* SceneDelegate.swift */; };
		F1326E5E2482659100D1B6F7 /* ViewController.swift in Sources */ = {isa = PBXBuildFile; fileRef = F1326E5D2482659100D1B6F7 /* ViewController.swift */; };
		F1326E612482659100D1B6F7 /* Main.storyboard in Resources */ = {isa = PBXBuildFile; fileRef = F1326E5F2482659100D1B6F7 /* Main.storyboard */; };
		F1326E632482659400D1B6F7 /* Assets.xcassets in Resources */ = {isa = PBXBuildFile; fileRef = F1326E622482659400D1B6F7 /* Assets.xcassets */; };
		F1326E662482659400D1B6F7 /* LaunchScreen.storyboard in Resources */ = {isa = PBXBuildFile; fileRef = F1326E642482659400D1B6F7 /* LaunchScreen.storyboard */; };
		F1D5CD872485A8760096A049 /* AboutViewController.swift in Sources */ = {isa = PBXBuildFile; fileRef = F1D5CD862485A8760096A049 /* AboutViewController.swift */; };
		F1D5CD892485AC840096A049 /* BullsEye.html in Resources */ = {isa = PBXBuildFile; fileRef = F1D5CD882485AC840096A049 /* BullsEye.html */; };
		F1D5CD8B2485ACE20096A049 /* Data.html in Resources */ = {isa = PBXBuildFile; fileRef = F1D5CD8A2485ACE20096A049 /* Data.html */; };
		F1D5CD932485B1290096A049 /* WebKit.framework in Frameworks */ = {isa = PBXBuildFile; fileRef = F1D5CD922485B1290096A049 /* WebKit.framework */; };
		F1D5CD972485CC1C0096A049 /* Launch Screen.storyboard in Resources */ = {isa = PBXBuildFile; fileRef = F1D5CD962485CC1C0096A049 /* Launch Screen.storyboard */; };
/* End PBXBuildFile section */

/* Begin PBXFileReference section */
		F1326E562482659100D1B6F7 /* Week01.app */ = {isa = PBXFileReference; explicitFileType = wrapper.application; includeInIndex = 0; path = Week01.app; sourceTree = BUILT_PRODUCTS_DIR; };
		F1326E592482659100D1B6F7 /* AppDelegate.swift */ = {isa = PBXFileReference; lastKnownFileType = sourcecode.swift; path = AppDelegate.swift; sourceTree = "<group>"; };
		F1326E5B2482659100D1B6F7 /* SceneDelegate.swift */ = {isa = PBXFileReference; lastKnownFileType = sourcecode.swift; path = SceneDelegate.swift; sourceTree = "<group>"; };
		F1326E5D2482659100D1B6F7 /* ViewController.swift */ = {isa = PBXFileReference; lastKnownFileType = sourcecode.swift; path = ViewController.swift; sourceTree = "<group>"; };
		F1326E602482659100D1B6F7 /* Base */ = {isa = PBXFileReference; lastKnownFileType = file.storyboard; name = Base; path = Base.lproj/Main.storyboard; sourceTree = "<group>"; };
		F1326E622482659400D1B6F7 /* Assets.xcassets */ = {isa = PBXFileReference; lastKnownFileType = folder.assetcatalog; path = Assets.xcassets; sourceTree = "<group>"; };
		F1326E652482659400D1B6F7 /* Base */ = {isa = PBXFileReference; lastKnownFileType = file.storyboard; name = Base; path = Base.lproj/LaunchScreen.storyboard; sourceTree = "<group>"; };
		F1326E672482659400D1B6F7 /* Info.plist */ = {isa = PBXFileReference; lastKnownFileType = text.plist.xml; path = Info.plist; sourceTree = "<group>"; };
		F1D5CD862485A8760096A049 /* AboutViewController.swift */ = {isa = PBXFileReference; lastKnownFileType = sourcecode.swift; path = AboutViewController.swift; sourceTree = SOURCE_ROOT; };
		F1D5CD882485AC840096A049 /* BullsEye.html */ = {isa = PBXFileReference; fileEncoding = 4; lastKnownFileType = text.html; name = BullsEye.html; path = ../../../../../Desktop/BullsEye.html; sourceTree = "<group>"; };
		F1D5CD8A2485ACE20096A049 /* Data.html */ = {isa = PBXFileReference; fileEncoding = 4; lastKnownFileType = text.html; path = Data.html; sourceTree = "<group>"; };
		F1D5CD922485B1290096A049 /* WebKit.framework */ = {isa = PBXFileReference; lastKnownFileType = wrapper.framework; name = WebKit.framework; path = System/Library/Frameworks/WebKit.framework; sourceTree = SDKROOT; };
		F1D5CD962485CC1C0096A049 /* Launch Screen.storyboard */ = {isa = PBXFileReference; lastKnownFileType = file.storyboard; path = "Launch Screen.storyboard"; sourceTree = "<group>"; };
/* End PBXFileReference section */

/* Begin PBXFrameworksBuildPhase section */
		F1326E532482659100D1B6F7 /* Frameworks */ = {
			isa = PBXFrameworksBuildPhase;
			buildActionMask = 2147483647;
			files = (
				F1D5CD932485B1290096A049 /* WebKit.framework in Frameworks */,
			);
			runOnlyForDeploymentPostprocessing = 0;
		};
/* End PBXFrameworksBuildPhase section */

/* Begin PBXGroup section */
		F1326E4D2482659100D1B6F7 = {
			isa = PBXGroup;
			children = (
				F1326E582482659100D1B6F7 /* Week01Task */,
				F1326E572482659100D1B6F7 /* Products */,
				F1D5CD912485B1290096A049 /* Frameworks */,
			);
			sourceTree = "<group>";
		};
		F1326E572482659100D1B6F7 /* Products */ = {
			isa = PBXGroup;
			children = (
				F1326E562482659100D1B6F7 /* Week01.app */,
			);
			name = Products;
			sourceTree = "<group>";
		};
		F1326E582482659100D1B6F7 /* Week01Task */ = {
			isa = PBXGroup;
			children = (
				F1D5CD862485A8760096A049 /* AboutViewController.swift */,
				F1326E592482659100D1B6F7 /* AppDelegate.swift */,
				F1326E5B2482659100D1B6F7 /* SceneDelegate.swift */,
				F1326E5D2482659100D1B6F7 /* ViewController.swift */,
				F1326E5F2482659100D1B6F7 /* Main.storyboard */,
				F1D5CD962485CC1C0096A049 /* Launch Screen.storyboard */,
				F1326E622482659400D1B6F7 /* Assets.xcassets */,
				F1D5CD8A2485ACE20096A049 /* Data.html */,
				F1326E642482659400D1B6F7 /* LaunchScreen.storyboard */,
				F1D5CD882485AC840096A049 /* BullsEye.html */,
				F1326E672482659400D1B6F7 /* Info.plist */,
			);
			path = Week01Task;
			sourceTree = "<group>";
		};
		F1D5CD912485B1290096A049 /* Frameworks */ = {
			isa = PBXGroup;
			children = (
				F1D5CD922485B1290096A049 /* WebKit.framework */,
			);
			name = Frameworks;
			sourceTree = "<group>";
		};
/* End PBXGroup section */

/* Begin PBXNativeTarget section */
		F1326E552482659100D1B6F7 /* Week01Task */ = {
			isa = PBXNativeTarget;
			buildConfigurationList = F1326E6A2482659400D1B6F7 /* Build configuration list for PBXNativeTarget "Week01Task" */;
			buildPhases = (
				F1326E522482659100D1B6F7 /* Sources */,
				F1326E532482659100D1B6F7 /* Frameworks */,
				F1326E542482659100D1B6F7 /* Resources */,
			);
			buildRules = (
			);
			dependencies = (
			);
			name = Week01Task;
			productName = Week01Task;
			productReference = F1326E562482659100D1B6F7 /* Week01.app */;
			productType = "com.apple.product-type.application";
		};
/* End PBXNativeTarget section */

/* Begin PBXProject section */
		F1326E4E2482659100D1B6F7 /* Project object */ = {
			isa = PBXProject;
			attributes = {
				LastSwiftUpdateCheck = 1150;
				LastUpgradeCheck = 1150;
				ORGANIZATIONNAME = "алтынпончик";
				TargetAttributes = {
					F1326E552482659100D1B6F7 = {
						CreatedOnToolsVersion = 11.5;
					};
				};
			};
			buildConfigurationList = F1326E512482659100D1B6F7 /* Build configuration list for PBXProject "Week01Task" */;
			compatibilityVersion = "Xcode 9.3";
			developmentRegion = en;
			hasScannedForEncodings = 0;
			knownRegions = (
				en,
				Base,
			);
			mainGroup = F1326E4D2482659100D1B6F7;
			productRefGroup = F1326E572482659100D1B6F7 /* Products */;
			projectDirPath = "";
			projectRoot = "";
			targets = (
				F1326E552482659100D1B6F7 /* Week01Task */,
			);
		};
/* End PBXProject section */

/* Begin PBXResourcesBuildPhase section */
		F1326E542482659100D1B6F7 /* Resources */ = {
			isa = PBXResourcesBuildPhase;
			buildActionMask = 2147483647;
			files = (
				F1D5CD972485CC1C0096A049 /* Launch Screen.storyboard in Resources */,
				F1326E662482659400D1B6F7 /* LaunchScreen.storyboard in Resources */,
				F1D5CD892485AC840096A049 /* BullsEye.html in Resources */,
				F1326E632482659400D1B6F7 /* Assets.xcassets in Resources */,
				F1326E612482659100D1B6F7 /* Main.storyboard in Resources */,
				F1D5CD8B2485ACE20096A049 /* Data.html in Resources */,
			);
			runOnlyForDeploymentPostprocessing = 0;
		};
/* End PBXResourcesBuildPhase section */

/* Begin PBXSourcesBuildPhase section */
		F1326E522482659100D1B6F7 /* Sources */ = {
			isa = PBXSourcesBuildPhase;
			buildActionMask = 2147483647;
			files = (
				F1326E5E2482659100D1B6F7 /* ViewController.swift in Sources */,
				F1326E5A2482659100D1B6F7 /* AppDelegate.swift in Sources */,
				F1D5CD872485A8760096A049 /* AboutViewController.swift in Sources */,
				F1326E5C2482659100D1B6F7 /* SceneDelegate.swift in Sources */,
			);
			runOnlyForDeploymentPostprocessing = 0;
		};
/* End PBXSourcesBuildPhase section */

/* Begin PBXVariantGroup section */
		F1326E5F2482659100D1B6F7 /* Main.storyboard */ = {
			isa = PBXVariantGroup;
			children = (
				F1326E602482659100D1B6F7 /* Base */,
			);
			name = Main.storyboard;
			sourceTree = "<group>";
		};
		F1326E642482659400D1B6F7 /* LaunchScreen.storyboard */ = {
			isa = PBXVariantGroup;
			children = (
				F1326E652482659400D1B6F7 /* Base */,
			);
			name = LaunchScreen.storyboard;
			sourceTree = "<group>";
		};
/* End PBXVariantGroup section */

/* Begin XCBuildConfiguration section */
		F1326E682482659400D1B6F7 /* Debug */ = {
			isa = XCBuildConfiguration;
			buildSettings = {
				ALWAYS_SEARCH_USER_PATHS = NO;
				CLANG_ANALYZER_NONNULL = YES;
				CLANG_ANALYZER_NUMBER_OBJECT_CONVERSION = YES_AGGRESSIVE;
				CLANG_CXX_LANGUAGE_STANDARD = "gnu++14";
				CLANG_CXX_LIBRARY = "libc++";
				CLANG_ENABLE_MODULES = YES;
				CLANG_ENABLE_OBJC_ARC = YES;
				CLANG_ENABLE_OBJC_WEAK = YES;
				CLANG_WARN_BLOCK_CAPTURE_AUTORELEASING = YES;
				CLANG_WARN_BOOL_CONVERSION = YES;
				CLANG_WARN_COMMA = YES;
				CLANG_WARN_CONSTANT_CONVERSION = YES;
				CLANG_WARN_DEPRECATED_OBJC_IMPLEMENTATIONS = YES;
				CLANG_WARN_DIRECT_OBJC_ISA_USAGE = YES_ERROR;
				CLANG_WARN_DOCUMENTATION_COMMENTS = YES;
				CLANG_WARN_EMPTY_BODY = YES;
				CLANG_WARN_ENUM_CONVERSION = YES;
				CLANG_WARN_INFINITE_RECURSION = YES;
				CLANG_WARN_INT_CONVERSION = YES;
				CLANG_WARN_NON_LITERAL_NULL_CONVERSION = YES;
				CLANG_WARN_OBJC_IMPLICIT_RETAIN_SELF = YES;
				CLANG_WARN_OBJC_LITERAL_CONVERSION = YES;
				CLANG_WARN_OBJC_ROOT_CLASS = YES_ERROR;
				CLANG_WARN_RANGE_LOOP_ANALYSIS = YES;
				CLANG_WARN_STRICT_PROTOTYPES = YES;
				CLANG_WARN_SUSPICIOUS_MOVE = YES;
				CLANG_WARN_UNGUARDED_AVAILABILITY = YES_AGGRESSIVE;
				CLANG_WARN_UNREACHABLE_CODE = YES;
				CLANG_WARN__DUPLICATE_METHOD_MATCH = YES;
				COPY_PHASE_STRIP = NO;
				DEBUG_INFORMATION_FORMAT = dwarf;
				ENABLE_STRICT_OBJC_MSGSEND = YES;
				ENABLE_TESTABILITY = YES;
				GCC_C_LANGUAGE_STANDARD = gnu11;
				GCC_DYNAMIC_NO_PIC = NO;
				GCC_NO_COMMON_BLOCKS = YES;
				GCC_OPTIMIZATION_LEVEL = 0;
				GCC_PREPROCESSOR_DEFINITIONS = (
					"DEBUG=1",
					"$(inherited)",
				);
				GCC_WARN_64_TO_32_BIT_CONVERSION = YES;
				GCC_WARN_ABOUT_RETURN_TYPE = YES_ERROR;
				GCC_WARN_UNDECLARED_SELECTOR = YES;
				GCC_WARN_UNINITIALIZED_AUTOS = YES_AGGRESSIVE;
				GCC_WARN_UNUSED_FUNCTION = YES;
				GCC_WARN_UNUSED_VARIABLE = YES;
				IPHONEOS_DEPLOYMENT_TARGET = 13.5;
				MTL_ENABLE_DEBUG_INFO = INCLUDE_SOURCE;
				MTL_FAST_MATH = YES;
				ONLY_ACTIVE_ARCH = YES;
				SDKROOT = iphoneos;
				SWIFT_ACTIVE_COMPILATION_CONDITIONS = DEBUG;
				SWIFT_OPTIMIZATION_LEVEL = "-Onone";
			};
			name = Debug;
		};
		F1326E692482659400D1B6F7 /* Release */ = {
			isa = XCBuildConfiguration;
			buildSettings = {
				ALWAYS_SEARCH_USER_PATHS = NO;
				CLANG_ANALYZER_NONNULL = YES;
				CLANG_ANALYZER_NUMBER_OBJECT_CONVERSION = YES_AGGRESSIVE;
				CLANG_CXX_LANGUAGE_STANDARD = "gnu++14";
				CLANG_CXX_LIBRARY = "libc++";
				CLANG_ENABLE_MODULES = YES;
				CLANG_ENABLE_OBJC_ARC = YES;
				CLANG_ENABLE_OBJC_WEAK = YES;
				CLANG_WARN_BLOCK_CAPTURE_AUTORELEASING = YES;
				CLANG_WARN_BOOL_CONVERSION = YES;
				CLANG_WARN_COMMA = YES;
				CLANG_WARN_CONSTANT_CONVERSION = YES;
				CLANG_WARN_DEPRECATED_OBJC_IMPLEMENTATIONS = YES;
				CLANG_WARN_DIRECT_OBJC_ISA_USAGE = YES_ERROR;
				CLANG_WARN_DOCUMENTATION_COMMENTS = YES;
				CLANG_WARN_EMPTY_BODY = YES;
				CLANG_WARN_ENUM_CONVERSION = YES;
				CLANG_WARN_INFINITE_RECURSION = YES;
				CLANG_WARN_INT_CONVERSION = YES;
				CLANG_WARN_NON_LITERAL_NULL_CONVERSION = YES;
				CLANG_WARN_OBJC_IMPLICIT_RETAIN_SELF = YES;
				CLANG_WARN_OBJC_LITERAL_CONVERSION = YES;
				CLANG_WARN_OBJC_ROOT_CLASS = YES_ERROR;
				CLANG_WARN_RANGE_LOOP_ANALYSIS = YES;
				CLANG_WARN_STRICT_PROTOTYPES = YES;
				CLANG_WARN_SUSPICIOUS_MOVE = YES;
				CLANG_WARN_UNGUARDED_AVAILABILITY = YES_AGGRESSIVE;
				CLANG_WARN_UNREACHABLE_CODE = YES;
				CLANG_WARN__DUPLICATE_METHOD_MATCH = YES;
				COPY_PHASE_STRIP = NO;
				DEBUG_INFORMATION_FORMAT = "dwarf-with-dsym";
				ENABLE_NS_ASSERTIONS = NO;
				ENABLE_STRICT_OBJC_MSGSEND = YES;
				GCC_C_LANGUAGE_STANDARD = gnu11;
				GCC_NO_COMMON_BLOCKS = YES;
				GCC_WARN_64_TO_32_BIT_CONVERSION = YES;
				GCC_WARN_ABOUT_RETURN_TYPE = YES_ERROR;
				GCC_WARN_UNDECLARED_SELECTOR = YES;
				GCC_WARN_UNINITIALIZED_AUTOS = YES_AGGRESSIVE;
				GCC_WARN_UNUSED_FUNCTION = YES;
				GCC_WARN_UNUSED_VARIABLE = YES;
				IPHONEOS_DEPLOYMENT_TARGET = 13.5;
				MTL_ENABLE_DEBUG_INFO = NO;
				MTL_FAST_MATH = YES;
				SDKROOT = iphoneos;
				SWIFT_COMPILATION_MODE = wholemodule;
				SWIFT_OPTIMIZATION_LEVEL = "-O";
				VALIDATE_PRODUCT = YES;
			};
			name = Release;
		};
		F1326E6B2482659400D1B6F7 /* Debug */ = {
			isa = XCBuildConfiguration;
			buildSettings = {
				ASSETCATALOG_COMPILER_APPICON_NAME = AppIcon;
				CODE_SIGN_STYLE = Automatic;
				DEVELOPMENT_TEAM = 6JW3YQAPPF;
				INFOPLIST_FILE = Week01Task/Info.plist;
				LD_RUNPATH_SEARCH_PATHS = (
					"$(inherited)",
					"@executable_path/Frameworks",
				);
				PRODUCT_BUNDLE_IDENTIFIER = com.myrzaboi.Week01Task;
				PRODUCT_NAME = Week01;
				SWIFT_VERSION = 5.0;
				TARGETED_DEVICE_FAMILY = 1;
			};
			name = Debug;
		};
		F1326E6C2482659400D1B6F7 /* Release */ = {
			isa = XCBuildConfiguration;
			buildSettings = {
				ASSETCATALOG_COMPILER_APPICON_NAME = AppIcon;
				CODE_SIGN_STYLE = Automatic;
				DEVELOPMENT_TEAM = 6JW3YQAPPF;
				INFOPLIST_FILE = Week01Task/Info.plist;
				LD_RUNPATH_SEARCH_PATHS = (
					"$(inherited)",
					"@executable_path/Frameworks",
				);
				PRODUCT_BUNDLE_IDENTIFIER = com.myrzaboi.Week01Task;
				PRODUCT_NAME = Week01;
				SWIFT_VERSION = 5.0;
				TARGETED_DEVICE_FAMILY = 1;
			};
			name = Release;
		};
/* End XCBuildConfiguration section */

/* Begin XCConfigurationList section */
		F1326E512482659100D1B6F7 /* Build configuration list for PBXProject "Week01Task" */ = {
			isa = XCConfigurationList;
			buildConfigurations = (
				F1326E682482659400D1B6F7 /* Debug */,
				F1326E692482659400D1B6F7 /* Release */,
			);
			defaultConfigurationIsVisible = 0;
			defaultConfigurationName = Release;
		};
		F1326E6A2482659400D1B6F7 /* Build configuration list for PBXNativeTarget "Week01Task" */ = {
			isa = XCConfigurationList;
			buildConfigurations = (
				F1326E6B2482659400D1B6F7 /* Debug */,
				F1326E6C2482659400D1B6F7 /* Release */,
			);
			defaultConfigurationIsVisible = 0;
			defaultConfigurationName = Release;
		};
/* End XCConfigurationList section */
	};
	rootObject = F1326E4E2482659100D1B6F7 /* Project object */;
}
